// !$*UTF8*$!
{
	archiveVersion = 1;
	classes = {
	};
	objectVersion = 50;
	objects = {

/* Begin PBXBuildFile section */
		69147A5C253C2840003C1A67 /* TestViewController.swift in Sources */ = {isa = PBXBuildFile; fileRef = 69147A5B253C283F003C1A67 /* TestViewController.swift */; };
		69509ED7253D9FEA00DFA205 /* HomeViewController + AVFoundation.swift in Sources */ = {isa = PBXBuildFile; fileRef = 69509ED6253D9FE900DFA205 /* HomeViewController + AVFoundation.swift */; };
		695378A42537613D005942D0 /* AppDelegate.swift in Sources */ = {isa = PBXBuildFile; fileRef = 695378A32537613D005942D0 /* AppDelegate.swift */; };
		695378A62537613D005942D0 /* SceneDelegate.swift in Sources */ = {isa = PBXBuildFile; fileRef = 695378A52537613D005942D0 /* SceneDelegate.swift */; };
		695378A82537613D005942D0 /* HomeViewController.swift in Sources */ = {isa = PBXBuildFile; fileRef = 695378A72537613D005942D0 /* HomeViewController.swift */; };
		695378AB2537613D005942D0 /* Main.storyboard in Resources */ = {isa = PBXBuildFile; fileRef = 695378A92537613D005942D0 /* Main.storyboard */; };
		695378AD25376145005942D0 /* Assets.xcassets in Resources */ = {isa = PBXBuildFile; fileRef = 695378AC25376145005942D0 /* Assets.xcassets */; };
		695378B025376145005942D0 /* LaunchScreen.storyboard in Resources */ = {isa = PBXBuildFile; fileRef = 695378AE25376145005942D0 /* LaunchScreen.storyboard */; };
		695378BA25377D8C005942D0 /* CustomCameraControler.swift in Sources */ = {isa = PBXBuildFile; fileRef = 695378B925377D8C005942D0 /* CustomCameraControler.swift */; };
		695378BD25377DE4005942D0 /* PhotoPreviewView.swift in Sources */ = {isa = PBXBuildFile; fileRef = 695378BC25377DE4005942D0 /* PhotoPreviewView.swift */; };
		695378C725378F54005942D0 /* PrisimVision3.mlmodel in Sources */ = {isa = PBXBuildFile; fileRef = 695378C625378F53005942D0 /* PrisimVision3.mlmodel */; };
		695B76D0255471F500B922B7 /* UIImage + Extra.swift in Sources */ = {isa = PBXBuildFile; fileRef = 695B76CF255471F500B922B7 /* UIImage + Extra.swift */; };
		695B76D72555DE1A00B922B7 /* SettingsViewController.swift in Sources */ = {isa = PBXBuildFile; fileRef = 695B76D62555DE1A00B922B7 /* SettingsViewController.swift */; };
		695B76DA25588CA900B922B7 /* UIViewController.swift in Sources */ = {isa = PBXBuildFile; fileRef = 695B76D925588CA900B922B7 /* UIViewController.swift */; };
		6964C6422541B41D0063318E /* ImagePickerPhotoPreviewController.swift in Sources */ = {isa = PBXBuildFile; fileRef = 6964C6412541B41D0063318E /* ImagePickerPhotoPreviewController.swift */; };
		6964C6482542EE690063318E /* HomeAndImagePickerSuperViewController.swift in Sources */ = {isa = PBXBuildFile; fileRef = 6964C6472542EE680063318E /* HomeAndImagePickerSuperViewController.swift */; };
		69BE0F052550908900B8CFAF /* PrisimVision5.mlmodel in Sources */ = {isa = PBXBuildFile; fileRef = 69BE0F042550908800B8CFAF /* PrisimVision5.mlmodel */; };
/* End PBXBuildFile section */

/* Begin PBXFileReference section */
		69147A5B253C283F003C1A67 /* TestViewController.swift */ = {isa = PBXFileReference; lastKnownFileType = sourcecode.swift; path = TestViewController.swift; sourceTree = "<group>"; };
		69509ED6253D9FE900DFA205 /* HomeViewController + AVFoundation.swift */ = {isa = PBXFileReference; lastKnownFileType = sourcecode.swift; path = "HomeViewController + AVFoundation.swift"; sourceTree = "<group>"; };
		695378A02537613D005942D0 /* PrismVision.app */ = {isa = PBXFileReference; explicitFileType = wrapper.application; includeInIndex = 0; path = PrismVision.app; sourceTree = BUILT_PRODUCTS_DIR; };
		695378A32537613D005942D0 /* AppDelegate.swift */ = {isa = PBXFileReference; lastKnownFileType = sourcecode.swift; path = AppDelegate.swift; sourceTree = "<group>"; };
		695378A52537613D005942D0 /* SceneDelegate.swift */ = {isa = PBXFileReference; lastKnownFileType = sourcecode.swift; path = SceneDelegate.swift; sourceTree = "<group>"; };
		695378A72537613D005942D0 /* HomeViewController.swift */ = {isa = PBXFileReference; lastKnownFileType = sourcecode.swift; path = HomeViewController.swift; sourceTree = "<group>"; };
		695378AA2537613D005942D0 /* Base */ = {isa = PBXFileReference; lastKnownFileType = file.storyboard; name = Base; path = Base.lproj/Main.storyboard; sourceTree = "<group>"; };
		695378AC25376145005942D0 /* Assets.xcassets */ = {isa = PBXFileReference; lastKnownFileType = folder.assetcatalog; path = Assets.xcassets; sourceTree = "<group>"; };
		695378AF25376145005942D0 /* Base */ = {isa = PBXFileReference; lastKnownFileType = file.storyboard; name = Base; path = Base.lproj/LaunchScreen.storyboard; sourceTree = "<group>"; };
		695378B125376145005942D0 /* Info.plist */ = {isa = PBXFileReference; lastKnownFileType = text.plist.xml; path = Info.plist; sourceTree = "<group>"; };
		695378B925377D8C005942D0 /* CustomCameraControler.swift */ = {isa = PBXFileReference; lastKnownFileType = sourcecode.swift; path = CustomCameraControler.swift; sourceTree = "<group>"; };
		695378BC25377DE4005942D0 /* PhotoPreviewView.swift */ = {isa = PBXFileReference; lastKnownFileType = sourcecode.swift; path = PhotoPreviewView.swift; sourceTree = "<group>"; };
		695378C625378F53005942D0 /* PrisimVision3.mlmodel */ = {isa = PBXFileReference; lastKnownFileType = file.mlmodel; path = PrisimVision3.mlmodel; sourceTree = "<group>"; };
		695B76CF255471F500B922B7 /* UIImage + Extra.swift */ = {isa = PBXFileReference; lastKnownFileType = sourcecode.swift; path = "UIImage + Extra.swift"; sourceTree = "<group>"; };
		695B76D62555DE1A00B922B7 /* SettingsViewController.swift */ = {isa = PBXFileReference; lastKnownFileType = sourcecode.swift; path = SettingsViewController.swift; sourceTree = "<group>"; };
		695B76D925588CA900B922B7 /* UIViewController.swift */ = {isa = PBXFileReference; lastKnownFileType = sourcecode.swift; path = UIViewController.swift; sourceTree = "<group>"; };
		6964C6412541B41D0063318E /* ImagePickerPhotoPreviewController.swift */ = {isa = PBXFileReference; lastKnownFileType = sourcecode.swift; path = ImagePickerPhotoPreviewController.swift; sourceTree = "<group>"; };
		6964C6472542EE680063318E /* HomeAndImagePickerSuperViewController.swift */ = {isa = PBXFileReference; lastKnownFileType = sourcecode.swift; path = HomeAndImagePickerSuperViewController.swift; sourceTree = "<group>"; };
		69BE0F042550908800B8CFAF /* PrisimVision5.mlmodel */ = {isa = PBXFileReference; lastKnownFileType = file.mlmodel; path = PrisimVision5.mlmodel; sourceTree = "<group>"; };
/* End PBXFileReference section */

/* Begin PBXFrameworksBuildPhase section */
		6953789D2537613D005942D0 /* Frameworks */ = {
			isa = PBXFrameworksBuildPhase;
			buildActionMask = 2147483647;
			files = (
			);
			runOnlyForDeploymentPostprocessing = 0;
		};
/* End PBXFrameworksBuildPhase section */

/* Begin PBXGroup section */
		695378972537613C005942D0 = {
			isa = PBXGroup;
			children = (
				695378A22537613D005942D0 /* PrismVision */,
				695378A12537613D005942D0 /* Products */,
			);
			sourceTree = "<group>";
		};
		695378A12537613D005942D0 /* Products */ = {
			isa = PBXGroup;
			children = (
				695378A02537613D005942D0 /* PrismVision.app */,
			);
			name = Products;
			sourceTree = "<group>";
		};
		695378A22537613D005942D0 /* PrismVision */ = {
			isa = PBXGroup;
			children = (
				695378A32537613D005942D0 /* AppDelegate.swift */,
				695378A52537613D005942D0 /* SceneDelegate.swift */,
				695378A72537613D005942D0 /* HomeViewController.swift */,
				69509ED6253D9FE900DFA205 /* HomeViewController + AVFoundation.swift */,
				695378B925377D8C005942D0 /* CustomCameraControler.swift */,
				695378A92537613D005942D0 /* Main.storyboard */,
				695B76D62555DE1A00B922B7 /* SettingsViewController.swift */,
				69147A5B253C283F003C1A67 /* TestViewController.swift */,
				695378AC25376145005942D0 /* Assets.xcassets */,
				695378AE25376145005942D0 /* LaunchScreen.storyboard */,
				695378B125376145005942D0 /* Info.plist */,
				69BE0F042550908800B8CFAF /* PrisimVision5.mlmodel */,
				695378C625378F53005942D0 /* PrisimVision3.mlmodel */,
				695378BC25377DE4005942D0 /* PhotoPreviewView.swift */,
				6964C6412541B41D0063318E /* ImagePickerPhotoPreviewController.swift */,
				6964C6472542EE680063318E /* HomeAndImagePickerSuperViewController.swift */,
				695B76CE255471D700B922B7 /* Extensions */,
			);
			path = PrismVision;
			sourceTree = "<group>";
		};
		695B76CE255471D700B922B7 /* Extensions */ = {
			isa = PBXGroup;
			children = (
				695B76CF255471F500B922B7 /* UIImage + Extra.swift */,
				695B76D925588CA900B922B7 /* UIViewController.swift */,
			);
			path = Extensions;
			sourceTree = "<group>";
		};
/* End PBXGroup section */

/* Begin PBXNativeTarget section */
		6953789F2537613D005942D0 /* PrismVision */ = {
			isa = PBXNativeTarget;
			buildConfigurationList = 695378B425376145005942D0 /* Build configuration list for PBXNativeTarget "PrismVision" */;
			buildPhases = (
				6953789C2537613D005942D0 /* Sources */,
				6953789D2537613D005942D0 /* Frameworks */,
				6953789E2537613D005942D0 /* Resources */,
			);
			buildRules = (
			);
			dependencies = (
			);
			name = PrismVision;
			productName = PrismVision;
			productReference = 695378A02537613D005942D0 /* PrismVision.app */;
			productType = "com.apple.product-type.application";
		};
/* End PBXNativeTarget section */

/* Begin PBXProject section */
		695378982537613C005942D0 /* Project object */ = {
			isa = PBXProject;
			attributes = {
				LastSwiftUpdateCheck = 1200;
				LastUpgradeCheck = 1200;
				TargetAttributes = {
					6953789F2537613D005942D0 = {
						CreatedOnToolsVersion = 12.0.1;
					};
				};
			};
			buildConfigurationList = 6953789B2537613D005942D0 /* Build configuration list for PBXProject "PrismVision" */;
			compatibilityVersion = "Xcode 9.3";
			developmentRegion = en;
			hasScannedForEncodings = 0;
			knownRegions = (
				en,
				Base,
			);
			mainGroup = 695378972537613C005942D0;
			productRefGroup = 695378A12537613D005942D0 /* Products */;
			projectDirPath = "";
			projectRoot = "";
			targets = (
				6953789F2537613D005942D0 /* PrismVision */,
			);
		};
/* End PBXProject section */

/* Begin PBXResourcesBuildPhase section */
		6953789E2537613D005942D0 /* Resources */ = {
			isa = PBXResourcesBuildPhase;
			buildActionMask = 2147483647;
			files = (
				695378B025376145005942D0 /* LaunchScreen.storyboard in Resources */,
				695378AD25376145005942D0 /* Assets.xcassets in Resources */,
				695378AB2537613D005942D0 /* Main.storyboard in Resources */,
			);
			runOnlyForDeploymentPostprocessing = 0;
		};
/* End PBXResourcesBuildPhase section */

/* Begin PBXSourcesBuildPhase section */
		6953789C2537613D005942D0 /* Sources */ = {
			isa = PBXSourcesBuildPhase;
			buildActionMask = 2147483647;
			files = (
				695378A82537613D005942D0 /* HomeViewController.swift in Sources */,
				695378A42537613D005942D0 /* AppDelegate.swift in Sources */,
				69147A5C253C2840003C1A67 /* TestViewController.swift in Sources */,
				6964C6482542EE690063318E /* HomeAndImagePickerSuperViewController.swift in Sources */,
				695378BA25377D8C005942D0 /* CustomCameraControler.swift in Sources */,
				69BE0F052550908900B8CFAF /* PrisimVision5.mlmodel in Sources */,
				695378BD25377DE4005942D0 /* PhotoPreviewView.swift in Sources */,
				695B76D72555DE1A00B922B7 /* SettingsViewController.swift in Sources */,
				6964C6422541B41D0063318E /* ImagePickerPhotoPreviewController.swift in Sources */,
				695378C725378F54005942D0 /* PrisimVision3.mlmodel in Sources */,
				695B76D0255471F500B922B7 /* UIImage + Extra.swift in Sources */,
				69509ED7253D9FEA00DFA205 /* HomeViewController + AVFoundation.swift in Sources */,
				695378A62537613D005942D0 /* SceneDelegate.swift in Sources */,
				695B76DA25588CA900B922B7 /* UIViewController.swift in Sources */,
			);
			runOnlyForDeploymentPostprocessing = 0;
		};
/* End PBXSourcesBuildPhase section */

/* Begin PBXVariantGroup section */
		695378A92537613D005942D0 /* Main.storyboard */ = {
			isa = PBXVariantGroup;
			children = (
				695378AA2537613D005942D0 /* Base */,
			);
			name = Main.storyboard;
			sourceTree = "<group>";
		};
		695378AE25376145005942D0 /* LaunchScreen.storyboard */ = {
			isa = PBXVariantGroup;
			children = (
				695378AF25376145005942D0 /* Base */,
			);
			name = LaunchScreen.storyboard;
			sourceTree = "<group>";
		};
/* End PBXVariantGroup section */

/* Begin XCBuildConfiguration section */
		695378B225376145005942D0 /* Debug */ = {
			isa = XCBuildConfiguration;
			buildSettings = {
				ALWAYS_SEARCH_USER_PATHS = NO;
				CLANG_ANALYZER_NONNULL = YES;
				CLANG_ANALYZER_NUMBER_OBJECT_CONVERSION = YES_AGGRESSIVE;
				CLANG_CXX_LANGUAGE_STANDARD = "gnu++14";
				CLANG_CXX_LIBRARY = "libc++";
				CLANG_ENABLE_MODULES = YES;
				CLANG_ENABLE_OBJC_ARC = YES;
				CLANG_ENABLE_OBJC_WEAK = YES;
				CLANG_WARN_BLOCK_CAPTURE_AUTORELEASING = YES;
				CLANG_WARN_BOOL_CONVERSION = YES;
				CLANG_WARN_COMMA = YES;
				CLANG_WARN_CONSTANT_CONVERSION = YES;
				CLANG_WARN_DEPRECATED_OBJC_IMPLEMENTATIONS = YES;
				CLANG_WARN_DIRECT_OBJC_ISA_USAGE = YES_ERROR;
				CLANG_WARN_DOCUMENTATION_COMMENTS = YES;
				CLANG_WARN_EMPTY_BODY = YES;
				CLANG_WARN_ENUM_CONVERSION = YES;
				CLANG_WARN_INFINITE_RECURSION = YES;
				CLANG_WARN_INT_CONVERSION = YES;
				CLANG_WARN_NON_LITERAL_NULL_CONVERSION = YES;
				CLANG_WARN_OBJC_IMPLICIT_RETAIN_SELF = YES;
				CLANG_WARN_OBJC_LITERAL_CONVERSION = YES;
				CLANG_WARN_OBJC_ROOT_CLASS = YES_ERROR;
				CLANG_WARN_QUOTED_INCLUDE_IN_FRAMEWORK_HEADER = YES;
				CLANG_WARN_RANGE_LOOP_ANALYSIS = YES;
				CLANG_WARN_STRICT_PROTOTYPES = YES;
				CLANG_WARN_SUSPICIOUS_MOVE = YES;
				CLANG_WARN_UNGUARDED_AVAILABILITY = YES_AGGRESSIVE;
				CLANG_WARN_UNREACHABLE_CODE = YES;
				CLANG_WARN__DUPLICATE_METHOD_MATCH = YES;
				COPY_PHASE_STRIP = NO;
				DEBUG_INFORMATION_FORMAT = dwarf;
				ENABLE_STRICT_OBJC_MSGSEND = YES;
				ENABLE_TESTABILITY = YES;
				GCC_C_LANGUAGE_STANDARD = gnu11;
				GCC_DYNAMIC_NO_PIC = NO;
				GCC_NO_COMMON_BLOCKS = YES;
				GCC_OPTIMIZATION_LEVEL = 0;
				GCC_PREPROCESSOR_DEFINITIONS = (
					"DEBUG=1",
					"$(inherited)",
				);
				GCC_WARN_64_TO_32_BIT_CONVERSION = YES;
				GCC_WARN_ABOUT_RETURN_TYPE = YES_ERROR;
				GCC_WARN_UNDECLARED_SELECTOR = YES;
				GCC_WARN_UNINITIALIZED_AUTOS = YES_AGGRESSIVE;
				GCC_WARN_UNUSED_FUNCTION = YES;
				GCC_WARN_UNUSED_VARIABLE = YES;
				IPHONEOS_DEPLOYMENT_TARGET = 14.0;
				MTL_ENABLE_DEBUG_INFO = INCLUDE_SOURCE;
				MTL_FAST_MATH = YES;
				ONLY_ACTIVE_ARCH = YES;
				SDKROOT = iphoneos;
				SWIFT_ACTIVE_COMPILATION_CONDITIONS = DEBUG;
				SWIFT_OPTIMIZATION_LEVEL = "-Onone";
			};
			name = Debug;
		};
		695378B325376145005942D0 /* Release */ = {
			isa = XCBuildConfiguration;
			buildSettings = {
				ALWAYS_SEARCH_USER_PATHS = NO;
				CLANG_ANALYZER_NONNULL = YES;
				CLANG_ANALYZER_NUMBER_OBJECT_CONVERSION = YES_AGGRESSIVE;
				CLANG_CXX_LANGUAGE_STANDARD = "gnu++14";
				CLANG_CXX_LIBRARY = "libc++";
				CLANG_ENABLE_MODULES = YES;
				CLANG_ENABLE_OBJC_ARC = YES;
				CLANG_ENABLE_OBJC_WEAK = YES;
				CLANG_WARN_BLOCK_CAPTURE_AUTORELEASING = YES;
				CLANG_WARN_BOOL_CONVERSION = YES;
				CLANG_WARN_COMMA = YES;
				CLANG_WARN_CONSTANT_CONVERSION = YES;
				CLANG_WARN_DEPRECATED_OBJC_IMPLEMENTATIONS = YES;
				CLANG_WARN_DIRECT_OBJC_ISA_USAGE = YES_ERROR;
				CLANG_WARN_DOCUMENTATION_COMMENTS = YES;
				CLANG_WARN_EMPTY_BODY = YES;
				CLANG_WARN_ENUM_CONVERSION = YES;
				CLANG_WARN_INFINITE_RECURSION = YES;
				CLANG_WARN_INT_CONVERSION = YES;
				CLANG_WARN_NON_LITERAL_NULL_CONVERSION = YES;
				CLANG_WARN_OBJC_IMPLICIT_RETAIN_SELF = YES;
				CLANG_WARN_OBJC_LITERAL_CONVERSION = YES;
				CLANG_WARN_OBJC_ROOT_CLASS = YES_ERROR;
				CLANG_WARN_QUOTED_INCLUDE_IN_FRAMEWORK_HEADER = YES;
				CLANG_WARN_RANGE_LOOP_ANALYSIS = YES;
				CLANG_WARN_STRICT_PROTOTYPES = YES;
				CLANG_WARN_SUSPICIOUS_MOVE = YES;
				CLANG_WARN_UNGUARDED_AVAILABILITY = YES_AGGRESSIVE;
				CLANG_WARN_UNREACHABLE_CODE = YES;
				CLANG_WARN__DUPLICATE_METHOD_MATCH = YES;
				COPY_PHASE_STRIP = NO;
				DEBUG_INFORMATION_FORMAT = "dwarf-with-dsym";
				ENABLE_NS_ASSERTIONS = NO;
				ENABLE_STRICT_OBJC_MSGSEND = YES;
				GCC_C_LANGUAGE_STANDARD = gnu11;
				GCC_NO_COMMON_BLOCKS = YES;
				GCC_WARN_64_TO_32_BIT_CONVERSION = YES;
				GCC_WARN_ABOUT_RETURN_TYPE = YES_ERROR;
				GCC_WARN_UNDECLARED_SELECTOR = YES;
				GCC_WARN_UNINITIALIZED_AUTOS = YES_AGGRESSIVE;
				GCC_WARN_UNUSED_FUNCTION = YES;
				GCC_WARN_UNUSED_VARIABLE = YES;
				IPHONEOS_DEPLOYMENT_TARGET = 14.0;
				MTL_ENABLE_DEBUG_INFO = NO;
				MTL_FAST_MATH = YES;
				SDKROOT = iphoneos;
				SWIFT_COMPILATION_MODE = wholemodule;
				SWIFT_OPTIMIZATION_LEVEL = "-O";
				VALIDATE_PRODUCT = YES;
			};
			name = Release;
		};
		695378B525376145005942D0 /* Debug */ = {
			isa = XCBuildConfiguration;
			buildSettings = {
				ASSETCATALOG_COMPILER_APPICON_NAME = AppIcon;
				ASSETCATALOG_COMPILER_GLOBAL_ACCENT_COLOR_NAME = AccentColor;
				CODE_SIGN_STYLE = Automatic;
				DEVELOPMENT_TEAM = FQ363JP6R5;
				INFOPLIST_FILE = PrismVision/Info.plist;
				LD_RUNPATH_SEARCH_PATHS = (
					"$(inherited)",
					"@executable_path/Frameworks",
				);
				PRODUCT_BUNDLE_IDENTIFIER = com.EmadAlbarnawi.PrismVision;
				PRODUCT_NAME = "$(TARGET_NAME)";
				SWIFT_VERSION = 5.0;
				TARGETED_DEVICE_FAMILY = 1;
			};
			name = Debug;
		};
		695378B625376145005942D0 /* Release */ = {
			isa = XCBuildConfiguration;
			buildSettings = {
				ASSETCATALOG_COMPILER_APPICON_NAME = AppIcon;
				ASSETCATALOG_COMPILER_GLOBAL_ACCENT_COLOR_NAME = AccentColor;
				CODE_SIGN_STYLE = Automatic;
				DEVELOPMENT_TEAM = FQ363JP6R5;
				INFOPLIST_FILE = PrismVision/Info.plist;
				LD_RUNPATH_SEARCH_PATHS = (
					"$(inherited)",
					"@executable_path/Frameworks",
				);
				PRODUCT_BUNDLE_IDENTIFIER = com.EmadAlbarnawi.PrismVision;
				PRODUCT_NAME = "$(TARGET_NAME)";
				SWIFT_VERSION = 5.0;
				TARGETED_DEVICE_FAMILY = 1;
			};
			name = Release;
		};
/* End XCBuildConfiguration section */

/* Begin XCConfigurationList section */
		6953789B2537613D005942D0 /* Build configuration list for PBXProject "PrismVision" */ = {
			isa = XCConfigurationList;
			buildConfigurations = (
				695378B225376145005942D0 /* Debug */,
				695378B325376145005942D0 /* Release */,
			);
			defaultConfigurationIsVisible = 0;
			defaultConfigurationName = Release;
		};
		695378B425376145005942D0 /* Build configuration list for PBXNativeTarget "PrismVision" */ = {
			isa = XCConfigurationList;
			buildConfigurations = (
				695378B525376145005942D0 /* Debug */,
				695378B625376145005942D0 /* Release */,
			);
			defaultConfigurationIsVisible = 0;
			defaultConfigurationName = Release;
		};
/* End XCConfigurationList section */
	};
	rootObject = 695378982537613C005942D0 /* Project object */;
}
